
Microsoft Visual Studio Solution File, Format Version 12.00
# Visual Studio Version 16
VisualStudioVersion = 16.0.31410.357
MinimumVisualStudioVersion = 10.0.40219.1
Project("{FAE04EC0-301F-11D3-BF4B-00C04F79EFBC}") = "RegisterClient", "RegisterClient\RegisterClient.csproj", "{3E3732A0-99C8-448A-A61A-B684FA1A486C}"
EndProject
Global
	GlobalSection(SolutionConfigurationPlatforms) = preSolution
		Debug|Any CPU = Debug|Any CPU
		Release|Any CPU = Release|Any CPU
	EndGlobalSection
	GlobalSection(ProjectConfigurationPlatforms) = postSolution
		{3E3732A0-99C8-448A-A61A-B684FA1A486C}.Debug|Any CPU.ActiveCfg = Debug|Any CPU
		{3E3732A0-99C8-448A-A61A-B684FA1A486C}.Debug|Any CPU.Build.0 = Debug|Any CPU
		{3E3732A0-99C8-448A-A61A-B684FA1A486C}.Release|Any CPU.ActiveCfg = Release|Any CPU
		{3E3732A0-99C8-448A-A61A-B684FA1A486C}.Release|Any CPU.Build.0 = Release|Any CPU
	EndGlobalSection
	GlobalSection(SolutionProperties) = preSolution
		HideSolutionNode = FALSE
	EndGlobalSection
	GlobalSection(ExtensibilityGlobals) = postSolution
		SolutionGuid = {E70AA5D4-27C4-4563-A64A-96ECBFE7EF21}
	EndGlobalSection
EndGlobal
